// !$*UTF8*$!
{
	archiveVersion = 1;
	classes = {
	};
	objectVersion = 46;
	objects = {

/* Begin PBXBuildFile section */
		8508851B1D4A7745003F5FED /* AppDelegate.swift in Sources */ = {isa = PBXBuildFile; fileRef = 8508851A1D4A7745003F5FED /* AppDelegate.swift */; };
		8508851D1D4A7745003F5FED /* ViewController.swift in Sources */ = {isa = PBXBuildFile; fileRef = 8508851C1D4A7745003F5FED /* ViewController.swift */; };
		850885201D4A7745003F5FED /* Main.storyboard in Resources */ = {isa = PBXBuildFile; fileRef = 8508851E1D4A7745003F5FED /* Main.storyboard */; };
		850885221D4A7745003F5FED /* Assets.xcassets in Resources */ = {isa = PBXBuildFile; fileRef = 850885211D4A7745003F5FED /* Assets.xcassets */; };
		850885251D4A7745003F5FED /* LaunchScreen.storyboard in Resources */ = {isa = PBXBuildFile; fileRef = 850885231D4A7745003F5FED /* LaunchScreen.storyboard */; };
		850885301D4A7745003F5FED /* BreakoutTests.swift in Sources */ = {isa = PBXBuildFile; fileRef = 8508852F1D4A7745003F5FED /* BreakoutTests.swift */; };
		8508853B1D4A7745003F5FED /* BreakoutUITests.swift in Sources */ = {isa = PBXBuildFile; fileRef = 8508853A1D4A7745003F5FED /* BreakoutUITests.swift */; };
/* End PBXBuildFile section */

/* Begin PBXContainerItemProxy section */
		8508852C1D4A7745003F5FED /* PBXContainerItemProxy */ = {
			isa = PBXContainerItemProxy;
			containerPortal = 8508850F1D4A7745003F5FED /* Project object */;
			proxyType = 1;
			remoteGlobalIDString = 850885161D4A7745003F5FED;
			remoteInfo = Breakout;
		};
		850885371D4A7745003F5FED /* PBXContainerItemProxy */ = {
			isa = PBXContainerItemProxy;
			containerPortal = 8508850F1D4A7745003F5FED /* Project object */;
			proxyType = 1;
			remoteGlobalIDString = 850885161D4A7745003F5FED;
			remoteInfo = Breakout;
		};
/* End PBXContainerItemProxy section */

/* Begin PBXFileReference section */
		850885171D4A7745003F5FED /* Breakout.app */ = {isa = PBXFileReference; explicitFileType = wrapper.application; includeInIndex = 0; path = Breakout.app; sourceTree = BUILT_PRODUCTS_DIR; };
		8508851A1D4A7745003F5FED /* AppDelegate.swift */ = {isa = PBXFileReference; lastKnownFileType = sourcecode.swift; path = AppDelegate.swift; sourceTree = "<group>"; };
		8508851C1D4A7745003F5FED /* ViewController.swift */ = {isa = PBXFileReference; lastKnownFileType = sourcecode.swift; path = ViewController.swift; sourceTree = "<group>"; };
		8508851F1D4A7745003F5FED /* Base */ = {isa = PBXFileReference; lastKnownFileType = file.storyboard; name = Base; path = Base.lproj/Main.storyboard; sourceTree = "<group>"; };
		850885211D4A7745003F5FED /* Assets.xcassets */ = {isa = PBXFileReference; lastKnownFileType = folder.assetcatalog; path = Assets.xcassets; sourceTree = "<group>"; };
		850885241D4A7745003F5FED /* Base */ = {isa = PBXFileReference; lastKnownFileType = file.storyboard; name = Base; path = Base.lproj/LaunchScreen.storyboard; sourceTree = "<group>"; };
		850885261D4A7745003F5FED /* Info.plist */ = {isa = PBXFileReference; lastKnownFileType = text.plist.xml; path = Info.plist; sourceTree = "<group>"; };
		8508852B1D4A7745003F5FED /* BreakoutTests.xctest */ = {isa = PBXFileReference; explicitFileType = wrapper.cfbundle; includeInIndex = 0; path = BreakoutTests.xctest; sourceTree = BUILT_PRODUCTS_DIR; };
		8508852F1D4A7745003F5FED /* BreakoutTests.swift */ = {isa = PBXFileReference; lastKnownFileType = sourcecode.swift; path = BreakoutTests.swift; sourceTree = "<group>"; };
		850885311D4A7745003F5FED /* Info.plist */ = {isa = PBXFileReference; lastKnownFileType = text.plist.xml; path = Info.plist; sourceTree = "<group>"; };
		850885361D4A7745003F5FED /* BreakoutUITests.xctest */ = {isa = PBXFileReference; explicitFileType = wrapper.cfbundle; includeInIndex = 0; path = BreakoutUITests.xctest; sourceTree = BUILT_PRODUCTS_DIR; };
		8508853A1D4A7745003F5FED /* BreakoutUITests.swift */ = {isa = PBXFileReference; lastKnownFileType = sourcecode.swift; path = BreakoutUITests.swift; sourceTree = "<group>"; };
		8508853C1D4A7745003F5FED /* Info.plist */ = {isa = PBXFileReference; lastKnownFileType = text.plist.xml; path = Info.plist; sourceTree = "<group>"; };
/* End PBXFileReference section */

/* Begin PBXFrameworksBuildPhase section */
		850885141D4A7745003F5FED /* Frameworks */ = {
			isa = PBXFrameworksBuildPhase;
			buildActionMask = 2147483647;
			files = (
			);
			runOnlyForDeploymentPostprocessing = 0;
		};
		850885281D4A7745003F5FED /* Frameworks */ = {
			isa = PBXFrameworksBuildPhase;
			buildActionMask = 2147483647;
			files = (
			);
			runOnlyForDeploymentPostprocessing = 0;
		};
		850885331D4A7745003F5FED /* Frameworks */ = {
			isa = PBXFrameworksBuildPhase;
			buildActionMask = 2147483647;
			files = (
			);
			runOnlyForDeploymentPostprocessing = 0;
		};
/* End PBXFrameworksBuildPhase section */

/* Begin PBXGroup section */
		8508850E1D4A7745003F5FED = {
			isa = PBXGroup;
			children = (
				850885191D4A7745003F5FED /* Breakout */,
				8508852E1D4A7745003F5FED /* BreakoutTests */,
				850885391D4A7745003F5FED /* BreakoutUITests */,
				850885181D4A7745003F5FED /* Products */,
			);
			sourceTree = "<group>";
		};
		850885181D4A7745003F5FED /* Products */ = {
			isa = PBXGroup;
			children = (
				850885171D4A7745003F5FED /* Breakout.app */,
				8508852B1D4A7745003F5FED /* BreakoutTests.xctest */,
				850885361D4A7745003F5FED /* BreakoutUITests.xctest */,
			);
			name = Products;
			sourceTree = "<group>";
		};
		850885191D4A7745003F5FED /* Breakout */ = {
			isa = PBXGroup;
			children = (
				8508851A1D4A7745003F5FED /* AppDelegate.swift */,
				8508851C1D4A7745003F5FED /* ViewController.swift */,
				8508851E1D4A7745003F5FED /* Main.storyboard */,
				850885211D4A7745003F5FED /* Assets.xcassets */,
				850885231D4A7745003F5FED /* LaunchScreen.storyboard */,
				850885261D4A7745003F5FED /* Info.plist */,
			);
			path = Breakout;
			sourceTree = "<group>";
		};
		8508852E1D4A7745003F5FED /* BreakoutTests */ = {
			isa = PBXGroup;
			children = (
				8508852F1D4A7745003F5FED /* BreakoutTests.swift */,
				850885311D4A7745003F5FED /* Info.plist */,
			);
			path = BreakoutTests;
			sourceTree = "<group>";
		};
		850885391D4A7745003F5FED /* BreakoutUITests */ = {
			isa = PBXGroup;
			children = (
				8508853A1D4A7745003F5FED /* BreakoutUITests.swift */,
				8508853C1D4A7745003F5FED /* Info.plist */,
			);
			path = BreakoutUITests;
			sourceTree = "<group>";
		};
/* End PBXGroup section */

/* Begin PBXNativeTarget section */
		850885161D4A7745003F5FED /* Breakout */ = {
			isa = PBXNativeTarget;
			buildConfigurationList = 8508853F1D4A7745003F5FED /* Build configuration list for PBXNativeTarget "Breakout" */;
			buildPhases = (
				850885131D4A7745003F5FED /* Sources */,
				850885141D4A7745003F5FED /* Frameworks */,
				850885151D4A7745003F5FED /* Resources */,
			);
			buildRules = (
			);
			dependencies = (
			);
			name = Breakout;
			productName = Breakout;
			productReference = 850885171D4A7745003F5FED /* Breakout.app */;
			productType = "com.apple.product-type.application";
		};
		8508852A1D4A7745003F5FED /* BreakoutTests */ = {
			isa = PBXNativeTarget;
			buildConfigurationList = 850885421D4A7745003F5FED /* Build configuration list for PBXNativeTarget "BreakoutTests" */;
			buildPhases = (
				850885271D4A7745003F5FED /* Sources */,
				850885281D4A7745003F5FED /* Frameworks */,
				850885291D4A7745003F5FED /* Resources */,
			);
			buildRules = (
			);
			dependencies = (
				8508852D1D4A7745003F5FED /* PBXTargetDependency */,
			);
			name = BreakoutTests;
			productName = BreakoutTests;
			productReference = 8508852B1D4A7745003F5FED /* BreakoutTests.xctest */;
			productType = "com.apple.product-type.bundle.unit-test";
		};
		850885351D4A7745003F5FED /* BreakoutUITests */ = {
			isa = PBXNativeTarget;
			buildConfigurationList = 850885451D4A7745003F5FED /* Build configuration list for PBXNativeTarget "BreakoutUITests" */;
			buildPhases = (
				850885321D4A7745003F5FED /* Sources */,
				850885331D4A7745003F5FED /* Frameworks */,
				850885341D4A7745003F5FED /* Resources */,
			);
			buildRules = (
			);
			dependencies = (
				850885381D4A7745003F5FED /* PBXTargetDependency */,
			);
			name = BreakoutUITests;
			productName = BreakoutUITests;
			productReference = 850885361D4A7745003F5FED /* BreakoutUITests.xctest */;
			productType = "com.apple.product-type.bundle.ui-testing";
		};
/* End PBXNativeTarget section */

/* Begin PBXProject section */
		8508850F1D4A7745003F5FED /* Project object */ = {
			isa = PBXProject;
			attributes = {
				LastSwiftUpdateCheck = 0730;
				LastUpgradeCheck = 0820;
				ORGANIZATIONNAME = "Saurav Desai";
				TargetAttributes = {
					850885161D4A7745003F5FED = {
						CreatedOnToolsVersion = 7.3.1;
						DevelopmentTeam = U6T5LVFU7R;
						LastSwiftMigration = 0810;
					};
					8508852A1D4A7745003F5FED = {
						CreatedOnToolsVersion = 7.3.1;
						LastSwiftMigration = 0810;
						TestTargetID = 850885161D4A7745003F5FED;
					};
					850885351D4A7745003F5FED = {
						CreatedOnToolsVersion = 7.3.1;
						LastSwiftMigration = 0810;
						TestTargetID = 850885161D4A7745003F5FED;
					};
				};
			};
			buildConfigurationList = 850885121D4A7745003F5FED /* Build configuration list for PBXProject "Breakout" */;
			compatibilityVersion = "Xcode 3.2";
			developmentRegion = English;
			hasScannedForEncodings = 0;
			knownRegions = (
				en,
				Base,
			);
			mainGroup = 8508850E1D4A7745003F5FED;
			productRefGroup = 850885181D4A7745003F5FED /* Products */;
			projectDirPath = "";
			projectRoot = "";
			targets = (
				850885161D4A7745003F5FED /* Breakout */,
				8508852A1D4A7745003F5FED /* BreakoutTests */,
				850885351D4A7745003F5FED /* BreakoutUITests */,
			);
		};
/* End PBXProject section */

/* Begin PBXResourcesBuildPhase section */
		850885151D4A7745003F5FED /* Resources */ = {
			isa = PBXResourcesBuildPhase;
			buildActionMask = 2147483647;
			files = (
				850885251D4A7745003F5FED /* LaunchScreen.storyboard in Resources */,
				850885221D4A7745003F5FED /* Assets.xcassets in Resources */,
				850885201D4A7745003F5FED /* Main.storyboard in Resources */,
			);
			runOnlyForDeploymentPostprocessing = 0;
		};
		850885291D4A7745003F5FED /* Resources */ = {
			isa = PBXResourcesBuildPhase;
			buildActionMask = 2147483647;
			files = (
			);
			runOnlyForDeploymentPostprocessing = 0;
		};
		850885341D4A7745003F5FED /* Resources */ = {
			isa = PBXResourcesBuildPhase;
			buildActionMask = 2147483647;
			files = (
			);
			runOnlyForDeploymentPostprocessing = 0;
		};
/* End PBXResourcesBuildPhase section */

/* Begin PBXSourcesBuildPhase section */
		850885131D4A7745003F5FED /* Sources */ = {
			isa = PBXSourcesBuildPhase;
			buildActionMask = 2147483647;
			files = (
				8508851D1D4A7745003F5FED /* ViewController.swift in Sources */,
				8508851B1D4A7745003F5FED /* AppDelegate.swift in Sources */,
			);
			runOnlyForDeploymentPostprocessing = 0;
		};
		850885271D4A7745003F5FED /* Sources */ = {
			isa = PBXSourcesBuildPhase;
			buildActionMask = 2147483647;
			files = (
				850885301D4A7745003F5FED /* BreakoutTests.swift in Sources */,
			);
			runOnlyForDeploymentPostprocessing = 0;
		};
		850885321D4A7745003F5FED /* Sources */ = {
			isa = PBXSourcesBuildPhase;
			buildActionMask = 2147483647;
			files = (
				8508853B1D4A7745003F5FED /* BreakoutUITests.swift in Sources */,
			);
			runOnlyForDeploymentPostprocessing = 0;
		};
/* End PBXSourcesBuildPhase section */

/* Begin PBXTargetDependency section */
		8508852D1D4A7745003F5FED /* PBXTargetDependency */ = {
			isa = PBXTargetDependency;
			target = 850885161D4A7745003F5FED /* Breakout */;
			targetProxy = 8508852C1D4A7745003F5FED /* PBXContainerItemProxy */;
		};
		850885381D4A7745003F5FED /* PBXTargetDependency */ = {
			isa = PBXTargetDependency;
			target = 850885161D4A7745003F5FED /* Breakout */;
			targetProxy = 850885371D4A7745003F5FED /* PBXContainerItemProxy */;
		};
/* End PBXTargetDependency section */

/* Begin PBXVariantGroup section */
		8508851E1D4A7745003F5FED /* Main.storyboard */ = {
			isa = PBXVariantGroup;
			children = (
				8508851F1D4A7745003F5FED /* Base */,
			);
			name = Main.storyboard;
			sourceTree = "<group>";
		};
		850885231D4A7745003F5FED /* LaunchScreen.storyboard */ = {
			isa = PBXVariantGroup;
			children = (
				850885241D4A7745003F5FED /* Base */,
			);
			name = LaunchScreen.storyboard;
			sourceTree = "<group>";
		};
/* End PBXVariantGroup section */

/* Begin XCBuildConfiguration section */
		8508853D1D4A7745003F5FED /* Debug */ = {
			isa = XCBuildConfiguration;
			buildSettings = {
				ALWAYS_SEARCH_USER_PATHS = NO;
				CLANG_ANALYZER_NONNULL = YES;
				CLANG_CXX_LANGUAGE_STANDARD = "gnu++0x";
				CLANG_CXX_LIBRARY = "libc++";
				CLANG_ENABLE_MODULES = YES;
				CLANG_ENABLE_OBJC_ARC = YES;
				CLANG_WARN_BOOL_CONVERSION = YES;
				CLANG_WARN_CONSTANT_CONVERSION = YES;
				CLANG_WARN_DIRECT_OBJC_ISA_USAGE = YES_ERROR;
				CLANG_WARN_EMPTY_BODY = YES;
				CLANG_WARN_ENUM_CONVERSION = YES;
				CLANG_WARN_INFINITE_RECURSION = YES;
				CLANG_WARN_INT_CONVERSION = YES;
				CLANG_WARN_OBJC_ROOT_CLASS = YES_ERROR;
				CLANG_WARN_SUSPICIOUS_MOVE = YES;
				CLANG_WARN_UNREACHABLE_CODE = YES;
				CLANG_WARN__DUPLICATE_METHOD_MATCH = YES;
				"CODE_SIGN_IDENTITY[sdk=iphoneos*]" = "iPhone Developer";
				COPY_PHASE_STRIP = NO;
				DEBUG_INFORMATION_FORMAT = dwarf;
				ENABLE_STRICT_OBJC_MSGSEND = YES;
				ENABLE_TESTABILITY = YES;
				GCC_C_LANGUAGE_STANDARD = gnu99;
				GCC_DYNAMIC_NO_PIC = NO;
				GCC_NO_COMMON_BLOCKS = YES;
				GCC_OPTIMIZATION_LEVEL = 0;
				GCC_PREPROCESSOR_DEFINITIONS = (
					"DEBUG=1",
					"$(inherited)",
				);
				GCC_WARN_64_TO_32_BIT_CONVERSION = YES;
				GCC_WARN_ABOUT_RETURN_TYPE = YES_ERROR;
				GCC_WARN_UNDECLARED_SELECTOR = YES;
				GCC_WARN_UNINITIALIZED_AUTOS = YES_AGGRESSIVE;
				GCC_WARN_UNUSED_FUNCTION = YES;
				GCC_WARN_UNUSED_VARIABLE = YES;
				IPHONEOS_DEPLOYMENT_TARGET = 9.3;
				MTL_ENABLE_DEBUG_INFO = YES;
				ONLY_ACTIVE_ARCH = YES;
				SDKROOT = iphoneos;
				SWIFT_OPTIMIZATION_LEVEL = "-Onone";
				TARGETED_DEVICE_FAMILY = "1,2";
			};
			name = Debug;
		};
		8508853E1D4A7745003F5FED /* Release */ = {
			isa = XCBuildConfiguration;
			buildSettings = {
				ALWAYS_SEARCH_USER_PATHS = NO;
				CLANG_ANALYZER_NONNULL = YES;
				CLANG_CXX_LANGUAGE_STANDARD = "gnu++0x";
				CLANG_CXX_LIBRARY = "libc++";
				CLANG_ENABLE_MODULES = YES;
				CLANG_ENABLE_OBJC_ARC = YES;
				CLANG_WARN_BOOL_CONVERSION = YES;
				CLANG_WARN_CONSTANT_CONVERSION = YES;
				CLANG_WARN_DIRECT_OBJC_ISA_USAGE = YES_ERROR;
				CLANG_WARN_EMPTY_BODY = YES;
				CLANG_WARN_ENUM_CONVERSION = YES;
				CLANG_WARN_INFINITE_RECURSION = YES;
				CLANG_WARN_INT_CONVERSION = YES;
				CLANG_WARN_OBJC_ROOT_CLASS = YES_ERROR;
				CLANG_WARN_SUSPICIOUS_MOVE = YES;
				CLANG_WARN_UNREACHABLE_CODE = YES;
				CLANG_WARN__DUPLICATE_METHOD_MATCH = YES;
				"CODE_SIGN_IDENTITY[sdk=iphoneos*]" = "iPhone Developer";
				COPY_PHASE_STRIP = NO;
				DEBUG_INFORMATION_FORMAT = "dwarf-with-dsym";
				ENABLE_NS_ASSERTIONS = NO;
				ENABLE_STRICT_OBJC_MSGSEND = YES;
				GCC_C_LANGUAGE_STANDARD = gnu99;
				GCC_NO_COMMON_BLOCKS = YES;
				GCC_WARN_64_TO_32_BIT_CONVERSION = YES;
				GCC_WARN_ABOUT_RETURN_TYPE = YES_ERROR;
				GCC_WARN_UNDECLARED_SELECTOR = YES;
				GCC_WARN_UNINITIALIZED_AUTOS = YES_AGGRESSIVE;
				GCC_WARN_UNUSED_FUNCTION = YES;
				GCC_WARN_UNUSED_VARIABLE = YES;
				IPHONEOS_DEPLOYMENT_TARGET = 9.3;
				MTL_ENABLE_DEBUG_INFO = NO;
				SDKROOT = iphoneos;
				SWIFT_OPTIMIZATION_LEVEL = "-Owholemodule";
				TARGETED_DEVICE_FAMILY = "1,2";
				VALIDATE_PRODUCT = YES;
			};
			name = Release;
		};
		850885401D4A7745003F5FED /* Debug */ = {
			isa = XCBuildConfiguration;
			buildSettings = {
				ASSETCATALOG_COMPILER_APPICON_NAME = AppIcon;
				CODE_SIGN_IDENTITY = "iPhone Developer";
				"CODE_SIGN_IDENTITY[sdk=iphoneos*]" = "iPhone Developer";
				INFOPLIST_FILE = Breakout/Info.plist;
				LD_RUNPATH_SEARCH_PATHS = "$(inherited) @executable_path/Frameworks";
				PRODUCT_BUNDLE_IDENTIFIER = co.SauravDesai.Breakout;
				PRODUCT_NAME = "$(TARGET_NAME)";
				PROVISIONING_PROFILE = "";
				SWIFT_VERSION = 3.0;
			};
			name = Debug;
		};
		850885411D4A7745003F5FED /* Release */ = {
			isa = XCBuildConfiguration;
			buildSettings = {
				ASSETCATALOG_COMPILER_APPICON_NAME = AppIcon;
				CODE_SIGN_IDENTITY = "iPhone Developer";
				"CODE_SIGN_IDENTITY[sdk=iphoneos*]" = "iPhone Developer";
				INFOPLIST_FILE = Breakout/Info.plist;
				LD_RUNPATH_SEARCH_PATHS = "$(inherited) @executable_path/Frameworks";
				PRODUCT_BUNDLE_IDENTIFIER = co.SauravDesai.Breakout;
				PRODUCT_NAME = "$(TARGET_NAME)";
				PROVISIONING_PROFILE = "";
				SWIFT_VERSION = 3.0;
			};
			name = Release;
		};
		850885431D4A7745003F5FED /* Debug */ = {
			isa = XCBuildConfiguration;
			buildSettings = {
				BUNDLE_LOADER = "$(TEST_HOST)";
				INFOPLIST_FILE = BreakoutTests/Info.plist;
				LD_RUNPATH_SEARCH_PATHS = "$(inherited) @executable_path/Frameworks @loader_path/Frameworks";
				PRODUCT_BUNDLE_IDENTIFIER = co.SauravDesai.BreakoutTests;
				PRODUCT_NAME = "$(TARGET_NAME)";
				SWIFT_VERSION = 3.0;
				TEST_HOST = "$(BUILT_PRODUCTS_DIR)/Breakout.app/Breakout";
			};
			name = Debug;
		};
		850885441D4A7745003F5FED /* Release */ = {
			isa = XCBuildConfiguration;
			buildSettings = {
				BUNDLE_LOADER = "$(TEST_HOST)";
				INFOPLIST_FILE = BreakoutTests/Info.plist;
				LD_RUNPATH_SEARCH_PATHS = "$(inherited) @executable_path/Frameworks @loader_path/Frameworks";
				PRODUCT_BUNDLE_IDENTIFIER = co.SauravDesai.BreakoutTests;
				PRODUCT_NAME = "$(TARGET_NAME)";
				SWIFT_VERSION = 3.0;
				TEST_HOST = "$(BUILT_PRODUCTS_DIR)/Breakout.app/Breakout";
			};
			name = Release;
		};
		850885461D4A7745003F5FED /* Debug */ = {
			isa = XCBuildConfiguration;
			buildSettings = {
				INFOPLIST_FILE = BreakoutUITests/Info.plist;
				LD_RUNPATH_SEARCH_PATHS = "$(inherited) @executable_path/Frameworks @loader_path/Frameworks";
				PRODUCT_BUNDLE_IDENTIFIER = co.SauravDesai.BreakoutUITests;
				PRODUCT_NAME = "$(TARGET_NAME)";
				SWIFT_VERSION = 3.0;
				TEST_TARGET_NAME = Breakout;
			};
			name = Debug;
		};
		850885471D4A7745003F5FED /* Release */ = {
			isa = XCBuildConfiguration;
			buildSettings = {
				INFOPLIST_FILE = BreakoutUITests/Info.plist;
				LD_RUNPATH_SEARCH_PATHS = "$(inherited) @executable_path/Frameworks @loader_path/Frameworks";
				PRODUCT_BUNDLE_IDENTIFIER = co.SauravDesai.BreakoutUITests;
				PRODUCT_NAME = "$(TARGET_NAME)";
				SWIFT_VERSION = 3.0;
				TEST_TARGET_NAME = Breakout;
			};
			name = Release;
		};
/* End XCBuildConfiguration section */

/* Begin XCConfigurationList section */
		850885121D4A7745003F5FED /* Build configuration list for PBXProject "Breakout" */ = {
			isa = XCConfigurationList;
			buildConfigurations = (
				8508853D1D4A7745003F5FED /* Debug */,
				8508853E1D4A7745003F5FED /* Release */,
			);
			defaultConfigurationIsVisible = 0;
			defaultConfigurationName = Release;
		};
		8508853F1D4A7745003F5FED /* Build configuration list for PBXNativeTarget "Breakout" */ = {
			isa = XCConfigurationList;
			buildConfigurations = (
				850885401D4A7745003F5FED /* Debug */,
				850885411D4A7745003F5FED /* Release */,
			);
			defaultConfigurationIsVisible = 0;
			defaultConfigurationName = Release;
		};
		850885421D4A7745003F5FED /* Build configuration list for PBXNativeTarget "BreakoutTests" */ = {
			isa = XCConfigurationList;
			buildConfigurations = (
				850885431D4A7745003F5FED /* Debug */,
				850885441D4A7745003F5FED /* Release */,
			);
			defaultConfigurationIsVisible = 0;
			defaultConfigurationName = Release;
		};
		850885451D4A7745003F5FED /* Build configuration list for PBXNativeTarget "BreakoutUITests" */ = {
			isa = XCConfigurationList;
			buildConfigurations = (
				850885461D4A7745003F5FED /* Debug */,
				850885471D4A7745003F5FED /* Release */,
			);
			defaultConfigurationIsVisible = 0;
			defaultConfigurationName = Release;
		};
/* End XCConfigurationList section */
	};
	rootObject = 8508850F1D4A7745003F5FED /* Project object */;
}
